{
  "nodes": {
    "flake-utils": {
      "locked": {
        "lastModified": 1614513358,
        "narHash": "sha256-LakhOx3S1dRjnh0b5Dg3mbZyH0ToC9I8Y2wKSkBaTzU=",
        "owner": "numtide",
        "repo": "flake-utils",
        "rev": "5466c5bbece17adaab2d82fae80b46e807611bf3",
        "type": "github"
      },
      "original": {
        "owner": "numtide",
        "repo": "flake-utils",
        "type": "github"
      }
    },
    "nixpkgs": {
      "locked": {
        "lastModified": 1610118011,
        "narHash": "sha256-a17vwGBOqmAsy/Wkvf10ygDyfgjJpvlPyNnf7SAk+Ac=",
        "owner": "nixos",
        "repo": "nixpkgs",
        "rev": "a98302aa9b9628915878a6ea9776c40a0bb02950",
        "type": "github"
      },
      "original": {
        "owner": "nixos",
        "repo": "nixpkgs",
        "rev": "a98302aa9b9628915878a6ea9776c40a0bb02950",
        "type": "github"
      }
    },
    "root": {
      "inputs": {
        "flake-utils": "flake-utils",
        "nixpkgs": "nixpkgs",
        "sbt-derivation": "sbt-derivation"
      }
    },
    "sbt-derivation": {
      "locked": {
        "lastModified": 1602145051,
        "narHash": "sha256-P71MgJhJoTYba/5fI5xYeKuh/dpQuqlXp3REArciJ58=",
        "owner": "zaninime",
        "repo": "sbt-derivation",
        "rev": "9666b2b589ed68823fff1cefa4cd8a8ab54956c1",
        "type": "github"
      },
      "original": {
        "owner": "zaninime",
        "repo": "sbt-derivation",
        "type": "github"
      }
    }
  },
  "root": "root",
  "version": 7
}
